
Microsoft Visual Studio Solution File, Format Version 12.00
# Visual Studio Version 17
VisualStudioVersion = 17.0.31903.59
MinimumVisualStudioVersion = 10.0.40219.1
Project("{2150E333-8FDC-42A3-9474-1A3956D46DE8}") = "src", "src", "{827E0CD3-B72D-47B6-A68D-7590B98EB39B}"
EndProject
Project("{FAE04EC0-301F-11D3-BF4B-00C04F79EFBC}") = "PMS.Domain", "src\PMS.Domain\PMS.Domain.csproj", "{314E71C9-A8E7-47BC-B901-37913640E60F}"
EndProject
Project("{FAE04EC0-301F-11D3-BF4B-00C04F79EFBC}") = "PMS.Application", "src\PMS.Application\PMS.Application.csproj", "{3FD02F26-002D-4102-B7FE-32B661207EA4}"
EndProject
Project("{FAE04EC0-301F-11D3-BF4B-00C04F79EFBC}") = "PMS.Infrastructure", "src\PMS.Infrastructure\PMS.Infrastructure.csproj", "{4ED76CFE-564E-4A72-B3B1-F5FAD1C019CE}"
EndProject
Project("{FAE04EC0-301F-11D3-BF4B-00C04F79EFBC}") = "PMS.Api", "src\PMS.Api\PMS.Api.csproj", "{9D576EAE-3867-4D8E-B6AD-85333DDCE93A}"
EndProject
Project("{2150E333-8FDC-42A3-9474-1A3956D46DE8}") = "tests", "tests", "{0AB3BF05-4346-4AA6-1389-037BE0695223}"
EndProject
Project("{FAE04EC0-301F-11D3-BF4B-00C04F79EFBC}") = "PMS.Application.Tests", "tests\PMS.Application.Tests\PMS.Application.Tests.csproj", "{D8AAD69B-3BBE-4440-93B0-17EF0B969AF6}"
EndProject
Project("{FAE04EC0-301F-11D3-BF4B-00C04F79EFBC}") = "PMS.Api.IntegrationTests", "tests\PMS.Api.IntegrationTests\PMS.Api.IntegrationTests.csproj", "{39BA627F-311F-48BC-8BD0-F541FE4E699C}"
EndProject
Global
	GlobalSection(SolutionConfigurationPlatforms) = preSolution
		Debug|Any CPU = Debug|Any CPU
		Debug|x64 = Debug|x64
		Debug|x86 = Debug|x86
		Release|Any CPU = Release|Any CPU
		Release|x64 = Release|x64
		Release|x86 = Release|x86
	EndGlobalSection
	GlobalSection(ProjectConfigurationPlatforms) = postSolution
		{314E71C9-A8E7-47BC-B901-37913640E60F}.Debug|Any CPU.ActiveCfg = Debug|Any CPU
		{314E71C9-A8E7-47BC-B901-37913640E60F}.Debug|Any CPU.Build.0 = Debug|Any CPU
		{314E71C9-A8E7-47BC-B901-37913640E60F}.Debug|x64.ActiveCfg = Debug|Any CPU
		{314E71C9-A8E7-47BC-B901-37913640E60F}.Debug|x64.Build.0 = Debug|Any CPU
		{314E71C9-A8E7-47BC-B901-37913640E60F}.Debug|x86.ActiveCfg = Debug|Any CPU
		{314E71C9-A8E7-47BC-B901-37913640E60F}.Debug|x86.Build.0 = Debug|Any CPU
		{314E71C9-A8E7-47BC-B901-37913640E60F}.Release|Any CPU.ActiveCfg = Release|Any CPU
		{314E71C9-A8E7-47BC-B901-37913640E60F}.Release|Any CPU.Build.0 = Release|Any CPU
		{314E71C9-A8E7-47BC-B901-37913640E60F}.Release|x64.ActiveCfg = Release|Any CPU
		{314E71C9-A8E7-47BC-B901-37913640E60F}.Release|x64.Build.0 = Release|Any CPU
		{314E71C9-A8E7-47BC-B901-37913640E60F}.Release|x86.ActiveCfg = Release|Any CPU
		{314E71C9-A8E7-47BC-B901-37913640E60F}.Release|x86.Build.0 = Release|Any CPU
		{3FD02F26-002D-4102-B7FE-32B661207EA4}.Debug|Any CPU.ActiveCfg = Debug|Any CPU
		{3FD02F26-002D-4102-B7FE-32B661207EA4}.Debug|Any CPU.Build.0 = Debug|Any CPU
		{3FD02F26-002D-4102-B7FE-32B661207EA4}.Debug|x64.ActiveCfg = Debug|Any CPU
		{3FD02F26-002D-4102-B7FE-32B661207EA4}.Debug|x64.Build.0 = Debug|Any CPU
		{3FD02F26-002D-4102-B7FE-32B661207EA4}.Debug|x86.ActiveCfg = Debug|Any CPU
		{3FD02F26-002D-4102-B7FE-32B661207EA4}.Debug|x86.Build.0 = Debug|Any CPU
		{3FD02F26-002D-4102-B7FE-32B661207EA4}.Release|Any CPU.ActiveCfg = Release|Any CPU
		{3FD02F26-002D-4102-B7FE-32B661207EA4}.Release|Any CPU.Build.0 = Release|Any CPU
		{3FD02F26-002D-4102-B7FE-32B661207EA4}.Release|x64.ActiveCfg = Release|Any CPU
		{3FD02F26-002D-4102-B7FE-32B661207EA4}.Release|x64.Build.0 = Release|Any CPU
		{3FD02F26-002D-4102-B7FE-32B661207EA4}.Release|x86.ActiveCfg = Release|Any CPU
		{3FD02F26-002D-4102-B7FE-32B661207EA4}.Release|x86.Build.0 = Release|Any CPU
		{4ED76CFE-564E-4A72-B3B1-F5FAD1C019CE}.Debug|Any CPU.ActiveCfg = Debug|Any CPU
		{4ED76CFE-564E-4A72-B3B1-F5FAD1C019CE}.Debug|Any CPU.Build.0 = Debug|Any CPU
		{4ED76CFE-564E-4A72-B3B1-F5FAD1C019CE}.Debug|x64.ActiveCfg = Debug|Any CPU
		{4ED76CFE-564E-4A72-B3B1-F5FAD1C019CE}.Debug|x64.Build.0 = Debug|Any CPU
		{4ED76CFE-564E-4A72-B3B1-F5FAD1C019CE}.Debug|x86.ActiveCfg = Debug|Any CPU
		{4ED76CFE-564E-4A72-B3B1-F5FAD1C019CE}.Debug|x86.Build.0 = Debug|Any CPU
		{4ED76CFE-564E-4A72-B3B1-F5FAD1C019CE}.Release|Any CPU.ActiveCfg = Release|Any CPU
		{4ED76CFE-564E-4A72-B3B1-F5FAD1C019CE}.Release|Any CPU.Build.0 = Release|Any CPU
		{4ED76CFE-564E-4A72-B3B1-F5FAD1C019CE}.Release|x64.ActiveCfg = Release|Any CPU
		{4ED76CFE-564E-4A72-B3B1-F5FAD1C019CE}.Release|x64.Build.0 = Release|Any CPU
		{4ED76CFE-564E-4A72-B3B1-F5FAD1C019CE}.Release|x86.ActiveCfg = Release|Any CPU
		{4ED76CFE-564E-4A72-B3B1-F5FAD1C019CE}.Release|x86.Build.0 = Release|Any CPU
		{9D576EAE-3867-4D8E-B6AD-85333DDCE93A}.Debug|Any CPU.ActiveCfg = Debug|Any CPU
		{9D576EAE-3867-4D8E-B6AD-85333DDCE93A}.Debug|Any CPU.Build.0 = Debug|Any CPU
		{9D576EAE-3867-4D8E-B6AD-85333DDCE93A}.Debug|x64.ActiveCfg = Debug|Any CPU
		{9D576EAE-3867-4D8E-B6AD-85333DDCE93A}.Debug|x64.Build.0 = Debug|Any CPU
		{9D576EAE-3867-4D8E-B6AD-85333DDCE93A}.Debug|x86.ActiveCfg = Debug|Any CPU
		{9D576EAE-3867-4D8E-B6AD-85333DDCE93A}.Debug|x86.Build.0 = Debug|Any CPU
		{9D576EAE-3867-4D8E-B6AD-85333DDCE93A}.Release|Any CPU.ActiveCfg = Release|Any CPU
		{9D576EAE-3867-4D8E-B6AD-85333DDCE93A}.Release|Any CPU.Build.0 = Release|Any CPU
		{9D576EAE-3867-4D8E-B6AD-85333DDCE93A}.Release|x64.ActiveCfg = Release|Any CPU
		{9D576EAE-3867-4D8E-B6AD-85333DDCE93A}.Release|x64.Build.0 = Release|Any CPU
		{9D576EAE-3867-4D8E-B6AD-85333DDCE93A}.Release|x86.ActiveCfg = Release|Any CPU
		{9D576EAE-3867-4D8E-B6AD-85333DDCE93A}.Release|x86.Build.0 = Release|Any CPU
		{D8AAD69B-3BBE-4440-93B0-17EF0B969AF6}.Debug|Any CPU.ActiveCfg = Debug|Any CPU
		{D8AAD69B-3BBE-4440-93B0-17EF0B969AF6}.Debug|Any CPU.Build.0 = Debug|Any CPU
		{D8AAD69B-3BBE-4440-93B0-17EF0B969AF6}.Debug|x64.ActiveCfg = Debug|Any CPU
		{D8AAD69B-3BBE-4440-93B0-17EF0B969AF6}.Debug|x64.Build.0 = Debug|Any CPU
		{D8AAD69B-3BBE-4440-93B0-17EF0B969AF6}.Debug|x86.ActiveCfg = Debug|Any CPU
		{D8AAD69B-3BBE-4440-93B0-17EF0B969AF6}.Debug|x86.Build.0 = Debug|Any CPU
		{D8AAD69B-3BBE-4440-93B0-17EF0B969AF6}.Release|Any CPU.ActiveCfg = Release|Any CPU
		{D8AAD69B-3BBE-4440-93B0-17EF0B969AF6}.Release|Any CPU.Build.0 = Release|Any CPU
		{D8AAD69B-3BBE-4440-93B0-17EF0B969AF6}.Release|x64.ActiveCfg = Release|Any CPU
		{D8AAD69B-3BBE-4440-93B0-17EF0B969AF6}.Release|x64.Build.0 = Release|Any CPU
		{D8AAD69B-3BBE-4440-93B0-17EF0B969AF6}.Release|x86.ActiveCfg = Release|Any CPU
		{D8AAD69B-3BBE-4440-93B0-17EF0B969AF6}.Release|x86.Build.0 = Release|Any CPU
		{39BA627F-311F-48BC-8BD0-F541FE4E699C}.Debug|Any CPU.ActiveCfg = Debug|Any CPU
		{39BA627F-311F-48BC-8BD0-F541FE4E699C}.Debug|Any CPU.Build.0 = Debug|Any CPU
		{39BA627F-311F-48BC-8BD0-F541FE4E699C}.Debug|x64.ActiveCfg = Debug|Any CPU
		{39BA627F-311F-48BC-8BD0-F541FE4E699C}.Debug|x64.Build.0 = Debug|Any CPU
		{39BA627F-311F-48BC-8BD0-F541FE4E699C}.Debug|x86.ActiveCfg = Debug|Any CPU
		{39BA627F-311F-48BC-8BD0-F541FE4E699C}.Debug|x86.Build.0 = Debug|Any CPU
		{39BA627F-311F-48BC-8BD0-F541FE4E699C}.Release|Any CPU.ActiveCfg = Release|Any CPU
		{39BA627F-311F-48BC-8BD0-F541FE4E699C}.Release|Any CPU.Build.0 = Release|Any CPU
		{39BA627F-311F-48BC-8BD0-F541FE4E699C}.Release|x64.ActiveCfg = Release|Any CPU
		{39BA627F-311F-48BC-8BD0-F541FE4E699C}.Release|x64.Build.0 = Release|Any CPU
		{39BA627F-311F-48BC-8BD0-F541FE4E699C}.Release|x86.ActiveCfg = Release|Any CPU
		{39BA627F-311F-48BC-8BD0-F541FE4E699C}.Release|x86.Build.0 = Release|Any CPU
	EndGlobalSection
	GlobalSection(SolutionProperties) = preSolution
		HideSolutionNode = FALSE
	EndGlobalSection
	GlobalSection(NestedProjects) = preSolution
		{314E71C9-A8E7-47BC-B901-37913640E60F} = {827E0CD3-B72D-47B6-A68D-7590B98EB39B}
		{3FD02F26-002D-4102-B7FE-32B661207EA4} = {827E0CD3-B72D-47B6-A68D-7590B98EB39B}
		{4ED76CFE-564E-4A72-B3B1-F5FAD1C019CE} = {827E0CD3-B72D-47B6-A68D-7590B98EB39B}
		{9D576EAE-3867-4D8E-B6AD-85333DDCE93A} = {827E0CD3-B72D-47B6-A68D-7590B98EB39B}
		{D8AAD69B-3BBE-4440-93B0-17EF0B969AF6} = {0AB3BF05-4346-4AA6-1389-037BE0695223}
		{39BA627F-311F-48BC-8BD0-F541FE4E699C} = {0AB3BF05-4346-4AA6-1389-037BE0695223}
	EndGlobalSection
EndGlobal
